// !$*UTF8*$!
{
	archiveVersion = 1;
	classes = {
	};
	objectVersion = 77;
	objects = {

/* Begin PBXBuildFile section */
		487106222CC1DB57001D0138 /* HistoryViewController.swift in Sources */ = {isa = PBXBuildFile; fileRef = 487106212CC1DB57001D0138 /* HistoryViewController.swift */; };
/* End PBXBuildFile section */

/* Begin PBXContainerItemProxy section */
		48A00C332CB486FA00917860 /* PBXContainerItemProxy */ = {
			isa = PBXContainerItemProxy;
			containerPortal = 48A00C142CB486F900917860 /* Project object */;
			proxyType = 1;
			remoteGlobalIDString = 48A00C1B2CB486F900917860;
			remoteInfo = CashRegisterApp;
		};
		48A00C3D2CB486FA00917860 /* PBXContainerItemProxy */ = {
			isa = PBXContainerItemProxy;
			containerPortal = 48A00C142CB486F900917860 /* Project object */;
			proxyType = 1;
			remoteGlobalIDString = 48A00C1B2CB486F900917860;
			remoteInfo = CashRegisterApp;
		};
/* End PBXContainerItemProxy section */

/* Begin PBXFileReference section */
		487106212CC1DB57001D0138 /* HistoryViewController.swift */ = {isa = PBXFileReference; lastKnownFileType = sourcecode.swift; path = HistoryViewController.swift; sourceTree = "<group>"; };
		48A00C1C2CB486F900917860 /* CashRegisterApp.app */ = {isa = PBXFileReference; explicitFileType = wrapper.application; includeInIndex = 0; path = CashRegisterApp.app; sourceTree = BUILT_PRODUCTS_DIR; };
		48A00C322CB486FA00917860 /* CashRegisterAppTests.xctest */ = {isa = PBXFileReference; explicitFileType = wrapper.cfbundle; includeInIndex = 0; path = CashRegisterAppTests.xctest; sourceTree = BUILT_PRODUCTS_DIR; };
		48A00C3C2CB486FA00917860 /* CashRegisterAppUITests.xctest */ = {isa = PBXFileReference; explicitFileType = wrapper.cfbundle; includeInIndex = 0; path = CashRegisterAppUITests.xctest; sourceTree = BUILT_PRODUCTS_DIR; };
/* End PBXFileReference section */

/* Begin PBXFileSystemSynchronizedBuildFileExceptionSet section */
		48A00C442CB486FA00917860 /* Exceptions for "CashRegisterApp" folder in "CashRegisterApp" target */ = {
			isa = PBXFileSystemSynchronizedBuildFileExceptionSet;
			membershipExceptions = (
				Info.plist,
				Untitled.swift,
			);
			target = 48A00C1B2CB486F900917860 /* CashRegisterApp */;
		};
/* End PBXFileSystemSynchronizedBuildFileExceptionSet section */

/* Begin PBXFileSystemSynchronizedRootGroup section */
		48A00C1E2CB486F900917860 /* CashRegisterApp */ = {
			isa = PBXFileSystemSynchronizedRootGroup;
			exceptions = (
				48A00C442CB486FA00917860 /* Exceptions for "CashRegisterApp" folder in "CashRegisterApp" target */,
			);
			path = CashRegisterApp;
			sourceTree = "<group>";
		};
		48A00C352CB486FA00917860 /* CashRegisterAppTests */ = {
			isa = PBXFileSystemSynchronizedRootGroup;
			path = CashRegisterAppTests;
			sourceTree = "<group>";
		};
		48A00C3F2CB486FA00917860 /* CashRegisterAppUITests */ = {
			isa = PBXFileSystemSynchronizedRootGroup;
			path = CashRegisterAppUITests;
			sourceTree = "<group>";
		};
/* End PBXFileSystemSynchronizedRootGroup section */

/* Begin PBXFrameworksBuildPhase section */
		48A00C192CB486F900917860 /* Frameworks */ = {
			isa = PBXFrameworksBuildPhase;
			buildActionMask = 2147483647;
			files = (
			);
			runOnlyForDeploymentPostprocessing = 0;
		};
		48A00C2F2CB486FA00917860 /* Frameworks */ = {
			isa = PBXFrameworksBuildPhase;
			buildActionMask = 2147483647;
			files = (
			);
			runOnlyForDeploymentPostprocessing = 0;
		};
		48A00C392CB486FA00917860 /* Frameworks */ = {
			isa = PBXFrameworksBuildPhase;
			buildActionMask = 2147483647;
			files = (
			);
			runOnlyForDeploymentPostprocessing = 0;
		};
/* End PBXFrameworksBuildPhase section */

/* Begin PBXGroup section */
		48A00C132CB486F900917860 = {
			isa = PBXGroup;
			children = (
				487106212CC1DB57001D0138 /* HistoryViewController.swift */,
				48A00C1E2CB486F900917860 /* CashRegisterApp */,
				48A00C352CB486FA00917860 /* CashRegisterAppTests */,
				48A00C3F2CB486FA00917860 /* CashRegisterAppUITests */,
				48A00C1D2CB486F900917860 /* Products */,
			);
			sourceTree = "<group>";
		};
		48A00C1D2CB486F900917860 /* Products */ = {
			isa = PBXGroup;
			children = (
				48A00C1C2CB486F900917860 /* CashRegisterApp.app */,
				48A00C322CB486FA00917860 /* CashRegisterAppTests.xctest */,
				48A00C3C2CB486FA00917860 /* CashRegisterAppUITests.xctest */,
			);
			name = Products;
			sourceTree = "<group>";
		};
/* End PBXGroup section */

/* Begin PBXNativeTarget section */
		48A00C1B2CB486F900917860 /* CashRegisterApp */ = {
			isa = PBXNativeTarget;
			buildConfigurationList = 48A00C452CB486FA00917860 /* Build configuration list for PBXNativeTarget "CashRegisterApp" */;
			buildPhases = (
				48A00C182CB486F900917860 /* Sources */,
				48A00C192CB486F900917860 /* Frameworks */,
				48A00C1A2CB486F900917860 /* Resources */,
			);
			buildRules = (
			);
			dependencies = (
			);
			fileSystemSynchronizedGroups = (
				48A00C1E2CB486F900917860 /* CashRegisterApp */,
			);
			name = CashRegisterApp;
			packageProductDependencies = (
			);
			productName = CashRegisterApp;
			productReference = 48A00C1C2CB486F900917860 /* CashRegisterApp.app */;
			productType = "com.apple.product-type.application";
		};
		48A00C312CB486FA00917860 /* CashRegisterAppTests */ = {
			isa = PBXNativeTarget;
			buildConfigurationList = 48A00C4A2CB486FA00917860 /* Build configuration list for PBXNativeTarget "CashRegisterAppTests" */;
			buildPhases = (
				48A00C2E2CB486FA00917860 /* Sources */,
				48A00C2F2CB486FA00917860 /* Frameworks */,
				48A00C302CB486FA00917860 /* Resources */,
			);
			buildRules = (
			);
			dependencies = (
				48A00C342CB486FA00917860 /* PBXTargetDependency */,
			);
			fileSystemSynchronizedGroups = (
				48A00C352CB486FA00917860 /* CashRegisterAppTests */,
			);
			name = CashRegisterAppTests;
			packageProductDependencies = (
			);
			productName = CashRegisterAppTests;
			productReference = 48A00C322CB486FA00917860 /* CashRegisterAppTests.xctest */;
			productType = "com.apple.product-type.bundle.unit-test";
		};
		48A00C3B2CB486FA00917860 /* CashRegisterAppUITests */ = {
			isa = PBXNativeTarget;
			buildConfigurationList = 48A00C4D2CB486FA00917860 /* Build configuration list for PBXNativeTarget "CashRegisterAppUITests" */;
			buildPhases = (
				48A00C382CB486FA00917860 /* Sources */,
				48A00C392CB486FA00917860 /* Frameworks */,
				48A00C3A2CB486FA00917860 /* Resources */,
			);
			buildRules = (
			);
			dependencies = (
				48A00C3E2CB486FA00917860 /* PBXTargetDependency */,
			);
			fileSystemSynchronizedGroups = (
				48A00C3F2CB486FA00917860 /* CashRegisterAppUITests */,
			);
			name = CashRegisterAppUITests;
			packageProductDependencies = (
			);
			productName = CashRegisterAppUITests;
			productReference = 48A00C3C2CB486FA00917860 /* CashRegisterAppUITests.xctest */;
			productType = "com.apple.product-type.bundle.ui-testing";
		};
/* End PBXNativeTarget section */

/* Begin PBXProject section */
		48A00C142CB486F900917860 /* Project object */ = {
			isa = PBXProject;
			attributes = {
				BuildIndependentTargetsInParallel = 1;
				LastSwiftUpdateCheck = 1600;
				LastUpgradeCheck = 1600;
				TargetAttributes = {
					48A00C1B2CB486F900917860 = {
						CreatedOnToolsVersion = 16.0;
					};
					48A00C312CB486FA00917860 = {
						CreatedOnToolsVersion = 16.0;
						TestTargetID = 48A00C1B2CB486F900917860;
					};
					48A00C3B2CB486FA00917860 = {
						CreatedOnToolsVersion = 16.0;
						TestTargetID = 48A00C1B2CB486F900917860;
					};
				};
			};
			buildConfigurationList = 48A00C172CB486F900917860 /* Build configuration list for PBXProject "CashRegisterApp" */;
			developmentRegion = en;
			hasScannedForEncodings = 0;
			knownRegions = (
				en,
				Base,
			);
			mainGroup = 48A00C132CB486F900917860;
			minimizedProjectReferenceProxies = 1;
			preferredProjectObjectVersion = 77;
			productRefGroup = 48A00C1D2CB486F900917860 /* Products */;
			projectDirPath = "";
			projectRoot = "";
			targets = (
				48A00C1B2CB486F900917860 /* CashRegisterApp */,
				48A00C312CB486FA00917860 /* CashRegisterAppTests */,
				48A00C3B2CB486FA00917860 /* CashRegisterAppUITests */,
			);
		};
/* End PBXProject section */

/* Begin PBXResourcesBuildPhase section */
		48A00C1A2CB486F900917860 /* Resources */ = {
			isa = PBXResourcesBuildPhase;
			buildActionMask = 2147483647;
			files = (
			);
			runOnlyForDeploymentPostprocessing = 0;
		};
		48A00C302CB486FA00917860 /* Resources */ = {
			isa = PBXResourcesBuildPhase;
			buildActionMask = 2147483647;
			files = (
			);
			runOnlyForDeploymentPostprocessing = 0;
		};
		48A00C3A2CB486FA00917860 /* Resources */ = {
			isa = PBXResourcesBuildPhase;
			buildActionMask = 2147483647;
			files = (
			);
			runOnlyForDeploymentPostprocessing = 0;
		};
/* End PBXResourcesBuildPhase section */

/* Begin PBXSourcesBuildPhase section */
		48A00C182CB486F900917860 /* Sources */ = {
			isa = PBXSourcesBuildPhase;
			buildActionMask = 2147483647;
			files = (
				487106222CC1DB57001D0138 /* HistoryViewController.swift in Sources */,
			);
			runOnlyForDeploymentPostprocessing = 0;
		};
		48A00C2E2CB486FA00917860 /* Sources */ = {
			isa = PBXSourcesBuildPhase;
			buildActionMask = 2147483647;
			files = (
			);
			runOnlyForDeploymentPostprocessing = 0;
		};
		48A00C382CB486FA00917860 /* Sources */ = {
			isa = PBXSourcesBuildPhase;
			buildActionMask = 2147483647;
			files = (
			);
			runOnlyForDeploymentPostprocessing = 0;
		};
/* End PBXSourcesBuildPhase section */

/* Begin PBXTargetDependency section */
		48A00C342CB486FA00917860 /* PBXTargetDependency */ = {
			isa = PBXTargetDependency;
			target = 48A00C1B2CB486F900917860 /* CashRegisterApp */;
			targetProxy = 48A00C332CB486FA00917860 /* PBXContainerItemProxy */;
		};
		48A00C3E2CB486FA00917860 /* PBXTargetDependency */ = {
			isa = PBXTargetDependency;
			target = 48A00C1B2CB486F900917860 /* CashRegisterApp */;
			targetProxy = 48A00C3D2CB486FA00917860 /* PBXContainerItemProxy */;
		};
/* End PBXTargetDependency section */

/* Begin XCBuildConfiguration section */
		48A00C462CB486FA00917860 /* Debug */ = {
			isa = XCBuildConfiguration;
			buildSettings = {
				ASSETCATALOG_COMPILER_APPICON_NAME = AppIcon;
				ASSETCATALOG_COMPILER_GLOBAL_ACCENT_COLOR_NAME = AccentColor;
				CODE_SIGN_STYLE = Automatic;
				CURRENT_PROJECT_VERSION = 1;
				GENERATE_INFOPLIST_FILE = YES;
				INFOPLIST_FILE = CashRegisterApp/Info.plist;
				INFOPLIST_KEY_UIApplicationSupportsIndirectInputEvents = YES;
				INFOPLIST_KEY_UILaunchStoryboardName = LaunchScreen;
				INFOPLIST_KEY_UIMainStoryboardFile = Main;
				INFOPLIST_KEY_UISupportedInterfaceOrientations_iPad = "UIInterfaceOrientationPortrait UIInterfaceOrientationPortraitUpsideDown UIInterfaceOrientationLandscapeLeft UIInterfaceOrientationLandscapeRight";
				INFOPLIST_KEY_UISupportedInterfaceOrientations_iPhone = "UIInterfaceOrientationPortrait UIInterfaceOrientationLandscapeLeft UIInterfaceOrientationLandscapeRight";
				LD_RUNPATH_SEARCH_PATHS = (
					"$(inherited)",
					"@executable_path/Frameworks",
				);
				MARKETING_VERSION = 1.0;
				PRODUCT_BUNDLE_IDENTIFIER = humber.ca.CashRegisterApp;
				PRODUCT_NAME = "$(TARGET_NAME)";
				SWIFT_EMIT_LOC_STRINGS = YES;
				SWIFT_VERSION = 5.0;
				TARGETED_DEVICE_FAMILY = "1,2";
			};
			name = Debug;
		};
		48A00C472CB486FA00917860 /* Release */ = {
			isa = XCBuildConfiguration;
			buildSettings = {
				ASSETCATALOG_COMPILER_APPICON_NAME = AppIcon;
				ASSETCATALOG_COMPILER_GLOBAL_ACCENT_COLOR_NAME = AccentColor;
				CODE_SIGN_STYLE = Automatic;
				CURRENT_PROJECT_VERSION = 1;
				GENERATE_INFOPLIST_FILE = YES;
				INFOPLIST_FILE = CashRegisterApp/Info.plist;
				INFOPLIST_KEY_UIApplicationSupportsIndirectInputEvents = YES;
				INFOPLIST_KEY_UILaunchStoryboardName = LaunchScreen;
				INFOPLIST_KEY_UIMainStoryboardFile = Main;
				INFOPLIST_KEY_UISupportedInterfaceOrientations_iPad = "UIInterfaceOrientationPortrait UIInterfaceOrientationPortraitUpsideDown UIInterfaceOrientationLandscapeLeft UIInterfaceOrientationLandscapeRight";
				INFOPLIST_KEY_UISupportedInterfaceOrientations_iPhone = "UIInterfaceOrientationPortrait UIInterfaceOrientationLandscapeLeft UIInterfaceOrientationLandscapeRight";
				LD_RUNPATH_SEARCH_PATHS = (
					"$(inherited)",
					"@executable_path/Frameworks",
				);
				MARKETING_VERSION = 1.0;
				PRODUCT_BUNDLE_IDENTIFIER = humber.ca.CashRegisterApp;
				PRODUCT_NAME = "$(TARGET_NAME)";
				SWIFT_EMIT_LOC_STRINGS = YES;
				SWIFT_VERSION = 5.0;
				TARGETED_DEVICE_FAMILY = "1,2";
			};
			name = Release;
		};
		48A00C482CB486FA00917860 /* Debug */ = {
			isa = XCBuildConfiguration;
			buildSettings = {
				ALWAYS_SEARCH_USER_PATHS = NO;
				ASSETCATALOG_COMPILER_GENERATE_SWIFT_ASSET_SYMBOL_EXTENSIONS = YES;
				CLANG_ANALYZER_NONNULL = YES;
				CLANG_ANALYZER_NUMBER_OBJECT_CONVERSION = YES_AGGRESSIVE;
				CLANG_CXX_LANGUAGE_STANDARD = "gnu++20";
				CLANG_ENABLE_MODULES = YES;
				CLANG_ENABLE_OBJC_ARC = YES;
				CLANG_ENABLE_OBJC_WEAK = YES;
				CLANG_WARN_BLOCK_CAPTURE_AUTORELEASING = YES;
				CLANG_WARN_BOOL_CONVERSION = YES;
				CLANG_WARN_COMMA = YES;
				CLANG_WARN_CONSTANT_CONVERSION = YES;
				CLANG_WARN_DEPRECATED_OBJC_IMPLEMENTATIONS = YES;
				CLANG_WARN_DIRECT_OBJC_ISA_USAGE = YES_ERROR;
				CLANG_WARN_DOCUMENTATION_COMMENTS = YES;
				CLANG_WARN_EMPTY_BODY = YES;
				CLANG_WARN_ENUM_CONVERSION = YES;
				CLANG_WARN_INFINITE_RECURSION = YES;
				CLANG_WARN_INT_CONVERSION = YES;
				CLANG_WARN_NON_LITERAL_NULL_CONVERSION = YES;
				CLANG_WARN_OBJC_IMPLICIT_RETAIN_SELF = YES;
				CLANG_WARN_OBJC_LITERAL_CONVERSION = YES;
				CLANG_WARN_OBJC_ROOT_CLASS = YES_ERROR;
				CLANG_WARN_QUOTED_INCLUDE_IN_FRAMEWORK_HEADER = YES;
				CLANG_WARN_RANGE_LOOP_ANALYSIS = YES;
				CLANG_WARN_STRICT_PROTOTYPES = YES;
				CLANG_WARN_SUSPICIOUS_MOVE = YES;
				CLANG_WARN_UNGUARDED_AVAILABILITY = YES_AGGRESSIVE;
				CLANG_WARN_UNREACHABLE_CODE = YES;
				CLANG_WARN__DUPLICATE_METHOD_MATCH = YES;
				COPY_PHASE_STRIP = NO;
				DEBUG_INFORMATION_FORMAT = dwarf;
				ENABLE_STRICT_OBJC_MSGSEND = YES;
				ENABLE_TESTABILITY = YES;
				ENABLE_USER_SCRIPT_SANDBOXING = YES;
				GCC_C_LANGUAGE_STANDARD = gnu17;
				GCC_DYNAMIC_NO_PIC = NO;
				GCC_NO_COMMON_BLOCKS = YES;
				GCC_OPTIMIZATION_LEVEL = 0;
				GCC_PREPROCESSOR_DEFINITIONS = (
					"DEBUG=1",
					"$(inherited)",
				);
				GCC_WARN_64_TO_32_BIT_CONVERSION = YES;
				GCC_WARN_ABOUT_RETURN_TYPE = YES_ERROR;
				GCC_WARN_UNDECLARED_SELECTOR = YES;
				GCC_WARN_UNINITIALIZED_AUTOS = YES_AGGRESSIVE;
				GCC_WARN_UNUSED_FUNCTION = YES;
				GCC_WARN_UNUSED_VARIABLE = YES;
				IPHONEOS_DEPLOYMENT_TARGET = 18.0;
				LOCALIZATION_PREFERS_STRING_CATALOGS = YES;
				MTL_ENABLE_DEBUG_INFO = INCLUDE_SOURCE;
				MTL_FAST_MATH = YES;
				ONLY_ACTIVE_ARCH = YES;
				SDKROOT = iphoneos;
				SWIFT_ACTIVE_COMPILATION_CONDITIONS = "DEBUG $(inherited)";
				SWIFT_OPTIMIZATION_LEVEL = "-Onone";
			};
			name = Debug;
		};
		48A00C492CB486FA00917860 /* Release */ = {
			isa = XCBuildConfiguration;
			buildSettings = {
				ALWAYS_SEARCH_USER_PATHS = NO;
				ASSETCATALOG_COMPILER_GENERATE_SWIFT_ASSET_SYMBOL_EXTENSIONS = YES;
				CLANG_ANALYZER_NONNULL = YES;
				CLANG_ANALYZER_NUMBER_OBJECT_CONVERSION = YES_AGGRESSIVE;
				CLANG_CXX_LANGUAGE_STANDARD = "gnu++20";
				CLANG_ENABLE_MODULES = YES;
				CLANG_ENABLE_OBJC_ARC = YES;
				CLANG_ENABLE_OBJC_WEAK = YES;
				CLANG_WARN_BLOCK_CAPTURE_AUTORELEASING = YES;
				CLANG_WARN_BOOL_CONVERSION = YES;
				CLANG_WARN_COMMA = YES;
				CLANG_WARN_CONSTANT_CONVERSION = YES;
				CLANG_WARN_DEPRECATED_OBJC_IMPLEMENTATIONS = YES;
				CLANG_WARN_DIRECT_OBJC_ISA_USAGE = YES_ERROR;
				CLANG_WARN_DOCUMENTATION_COMMENTS = YES;
				CLANG_WARN_EMPTY_BODY = YES;
				CLANG_WARN_ENUM_CONVERSION = YES;
				CLANG_WARN_INFINITE_RECURSION = YES;
				CLANG_WARN_INT_CONVERSION = YES;
				CLANG_WARN_NON_LITERAL_NULL_CONVERSION = YES;
				CLANG_WARN_OBJC_IMPLICIT_RETAIN_SELF = YES;
				CLANG_WARN_OBJC_LITERAL_CONVERSION = YES;
				CLANG_WARN_OBJC_ROOT_CLASS = YES_ERROR;
				CLANG_WARN_QUOTED_INCLUDE_IN_FRAMEWORK_HEADER = YES;
				CLANG_WARN_RANGE_LOOP_ANALYSIS = YES;
				CLANG_WARN_STRICT_PROTOTYPES = YES;
				CLANG_WARN_SUSPICIOUS_MOVE = YES;
				CLANG_WARN_UNGUARDED_AVAILABILITY = YES_AGGRESSIVE;
				CLANG_WARN_UNREACHABLE_CODE = YES;
				CLANG_WARN__DUPLICATE_METHOD_MATCH = YES;
				COPY_PHASE_STRIP = NO;
				DEBUG_INFORMATION_FORMAT = "dwarf-with-dsym";
				ENABLE_NS_ASSERTIONS = NO;
				ENABLE_STRICT_OBJC_MSGSEND = YES;
				ENABLE_USER_SCRIPT_SANDBOXING = YES;
				GCC_C_LANGUAGE_STANDARD = gnu17;
				GCC_NO_COMMON_BLOCKS = YES;
				GCC_WARN_64_TO_32_BIT_CONVERSION = YES;
				GCC_WARN_ABOUT_RETURN_TYPE = YES_ERROR;
				GCC_WARN_UNDECLARED_SELECTOR = YES;
				GCC_WARN_UNINITIALIZED_AUTOS = YES_AGGRESSIVE;
				GCC_WARN_UNUSED_FUNCTION = YES;
				GCC_WARN_UNUSED_VARIABLE = YES;
				IPHONEOS_DEPLOYMENT_TARGET = 18.0;
				LOCALIZATION_PREFERS_STRING_CATALOGS = YES;
				MTL_ENABLE_DEBUG_INFO = NO;
				MTL_FAST_MATH = YES;
				SDKROOT = iphoneos;
				SWIFT_COMPILATION_MODE = wholemodule;
				VALIDATE_PRODUCT = YES;
			};
			name = Release;
		};
		48A00C4B2CB486FA00917860 /* Debug */ = {
			isa = XCBuildConfiguration;
			buildSettings = {
				BUNDLE_LOADER = "$(TEST_HOST)";
				CODE_SIGN_STYLE = Automatic;
				CURRENT_PROJECT_VERSION = 1;
				GENERATE_INFOPLIST_FILE = YES;
				IPHONEOS_DEPLOYMENT_TARGET = 18.0;
				MARKETING_VERSION = 1.0;
				PRODUCT_BUNDLE_IDENTIFIER = humber.ca.CashRegisterAppTests;
				PRODUCT_NAME = "$(TARGET_NAME)";
				SWIFT_EMIT_LOC_STRINGS = NO;
				SWIFT_VERSION = 5.0;
				TARGETED_DEVICE_FAMILY = "1,2";
				TEST_HOST = "$(BUILT_PRODUCTS_DIR)/CashRegisterApp.app/$(BUNDLE_EXECUTABLE_FOLDER_PATH)/CashRegisterApp";
			};
			name = Debug;
		};
		48A00C4C2CB486FA00917860 /* Release */ = {
			isa = XCBuildConfiguration;
			buildSettings = {
				BUNDLE_LOADER = "$(TEST_HOST)";
				CODE_SIGN_STYLE = Automatic;
				CURRENT_PROJECT_VERSION = 1;
				GENERATE_INFOPLIST_FILE = YES;
				IPHONEOS_DEPLOYMENT_TARGET = 18.0;
				MARKETING_VERSION = 1.0;
				PRODUCT_BUNDLE_IDENTIFIER = humber.ca.CashRegisterAppTests;
				PRODUCT_NAME = "$(TARGET_NAME)";
				SWIFT_EMIT_LOC_STRINGS = NO;
				SWIFT_VERSION = 5.0;
				TARGETED_DEVICE_FAMILY = "1,2";
				TEST_HOST = "$(BUILT_PRODUCTS_DIR)/CashRegisterApp.app/$(BUNDLE_EXECUTABLE_FOLDER_PATH)/CashRegisterApp";
			};
			name = Release;
		};
		48A00C4E2CB486FA00917860 /* Debug */ = {
			isa = XCBuildConfiguration;
			buildSettings = {
				CODE_SIGN_STYLE = Automatic;
				CURRENT_PROJECT_VERSION = 1;
				GENERATE_INFOPLIST_FILE = YES;
				MARKETING_VERSION = 1.0;
				PRODUCT_BUNDLE_IDENTIFIER = humber.ca.CashRegisterAppUITests;
				PRODUCT_NAME = "$(TARGET_NAME)";
				SWIFT_EMIT_LOC_STRINGS = NO;
				SWIFT_VERSION = 5.0;
				TARGETED_DEVICE_FAMILY = "1,2";
				TEST_TARGET_NAME = CashRegisterApp;
			};
			name = Debug;
		};
		48A00C4F2CB486FA00917860 /* Release */ = {
			isa = XCBuildConfiguration;
			buildSettings = {
				CODE_SIGN_STYLE = Automatic;
				CURRENT_PROJECT_VERSION = 1;
				GENERATE_INFOPLIST_FILE = YES;
				MARKETING_VERSION = 1.0;
				PRODUCT_BUNDLE_IDENTIFIER = humber.ca.CashRegisterAppUITests;
				PRODUCT_NAME = "$(TARGET_NAME)";
				SWIFT_EMIT_LOC_STRINGS = NO;
				SWIFT_VERSION = 5.0;
				TARGETED_DEVICE_FAMILY = "1,2";
				TEST_TARGET_NAME = CashRegisterApp;
			};
			name = Release;
		};
/* End XCBuildConfiguration section */

/* Begin XCConfigurationList section */
		48A00C172CB486F900917860 /* Build configuration list for PBXProject "CashRegisterApp" */ = {
			isa = XCConfigurationList;
			buildConfigurations = (
				48A00C482CB486FA00917860 /* Debug */,
				48A00C492CB486FA00917860 /* Release */,
			);
			defaultConfigurationIsVisible = 0;
			defaultConfigurationName = Release;
		};
		48A00C452CB486FA00917860 /* Build configuration list for PBXNativeTarget "CashRegisterApp" */ = {
			isa = XCConfigurationList;
			buildConfigurations = (
				48A00C462CB486FA00917860 /* Debug */,
				48A00C472CB486FA00917860 /* Release */,
			);
			defaultConfigurationIsVisible = 0;
			defaultConfigurationName = Release;
		};
		48A00C4A2CB486FA00917860 /* Build configuration list for PBXNativeTarget "CashRegisterAppTests" */ = {
			isa = XCConfigurationList;
			buildConfigurations = (
				48A00C4B2CB486FA00917860 /* Debug */,
				48A00C4C2CB486FA00917860 /* Release */,
			);
			defaultConfigurationIsVisible = 0;
			defaultConfigurationName = Release;
		};
		48A00C4D2CB486FA00917860 /* Build configuration list for PBXNativeTarget "CashRegisterAppUITests" */ = {
			isa = XCConfigurationList;
			buildConfigurations = (
				48A00C4E2CB486FA00917860 /* Debug */,
				48A00C4F2CB486FA00917860 /* Release */,
			);
			defaultConfigurationIsVisible = 0;
			defaultConfigurationName = Release;
		};
/* End XCConfigurationList section */
	};
	rootObject = 48A00C142CB486F900917860 /* Project object */;
}
